
Microsoft Visual Studio Solution File, Format Version 12.00
# Visual Studio 14
VisualStudioVersion = 14.0.25420.1
MinimumVisualStudioVersion = 10.0.40219.1
Project("{F14B399A-7131-4C87-9E4B-1186C45EF12D}") = "SampleReport", "SampleReport\SampleReport.rptproj", "{27A8F4EE-656F-4200-8724-4A748D8ADAEF}"
EndProject
Global
	GlobalSection(SolutionConfigurationPlatforms) = preSolution
		Debug|Default = Debug|Default
		DebugLocal|Default = DebugLocal|Default
		Release|Default = Release|Default
	EndGlobalSection
	GlobalSection(ProjectConfigurationPlatforms) = postSolution
		{27A8F4EE-656F-4200-8724-4A748D8ADAEF}.Debug|Default.ActiveCfg = Debug
		{27A8F4EE-656F-4200-8724-4A748D8ADAEF}.Debug|Default.Build.0 = Debug
		{27A8F4EE-656F-4200-8724-4A748D8ADAEF}.Debug|Default.Deploy.0 = Debug
		{27A8F4EE-656F-4200-8724-4A748D8ADAEF}.DebugLocal|Default.ActiveCfg = DebugLocal
		{27A8F4EE-656F-4200-8724-4A748D8ADAEF}.DebugLocal|Default.Build.0 = DebugLocal
		{27A8F4EE-656F-4200-8724-4A748D8ADAEF}.Release|Default.ActiveCfg = Release
		{27A8F4EE-656F-4200-8724-4A748D8ADAEF}.Release|Default.Build.0 = Release
		{27A8F4EE-656F-4200-8724-4A748D8ADAEF}.Release|Default.Deploy.0 = Release
	EndGlobalSection
	GlobalSection(SolutionProperties) = preSolution
		HideSolutionNode = FALSE
	EndGlobalSection
EndGlobal
